{
  "name": "server",
  "version": "1.0.0",
  "lockfileVersion": 3,
  "requires": true,
  "packages": {
    "": {
      "name": "server",
      "version": "1.0.0",
      "license": "ISC",
      "dependencies": {
        "ethers": "^6.13.2",
        "ts-node": "^10.9.2"
      }
    },
    "../iota/node_modules/.pnpm/@0no-co+graphqlsp@1.12.3_graphql@16.8.1_typescript@5.3.3/node_modules/@0no-co/graphqlsp": {
      "version": "1.12.3",
      "extraneous": true,
      "license": "MIT",
      "dependencies": {
        "@gql.tada/internal": "^1.0.0",
        "graphql": "^15.5.0 || ^16.0.0 || ^17.0.0"
      },
      "devDependencies": {
        "@0no-co/graphql.web": "^1.0.4",
        "@sindresorhus/fnv1a": "^2.0.0",
        "@types/node": "^18.15.11",
        "graphql-language-service": "^5.2.0",
        "lru-cache": "^10.0.1",
        "typescript": "^5.3.3"
      },
      "peerDependencies": {
        "graphql": "^15.5.0 || ^16.0.0 || ^17.0.0",
        "typescript": "^5.0.0"
      }
    },
    "../iota/node_modules/.pnpm/@graphql-codegen+add@5.0.2_graphql@16.8.1/node_modules/@graphql-codegen/add": {
      "version": "5.0.2",
      "extraneous": true,
      "license": "MIT",
      "dependencies": {
        "@graphql-codegen/plugin-helpers": "^5.0.3",
        "tslib": "~2.6.0"
      },
      "peerDependencies": {
        "graphql": "^0.8.0 || ^0.9.0 || ^0.10.0 || ^0.11.0 || ^0.12.0 || ^0.13.0 || ^14.0.0 || ^15.0.0 || ^16.0.0"
      }
    },
    "../iota/node_modules/.pnpm/@graphql-codegen+cli@5.0.2_@parcel+watcher@2.4.0_@types+node@20.4.2_enquirer@2.4.1_graphql@16.8.1_typescript@5.3.3/node_modules/@graphql-codegen/cli": {
      "version": "5.0.2",
      "extraneous": true,
      "license": "MIT",
      "dependencies": {
        "@babel/generator": "^7.18.13",
        "@babel/template": "^7.18.10",
        "@babel/types": "^7.18.13",
        "@graphql-codegen/client-preset": "^4.2.2",
        "@graphql-codegen/core": "^4.0.2",
        "@graphql-codegen/plugin-helpers": "^5.0.3",
        "@graphql-tools/apollo-engine-loader": "^8.0.0",
        "@graphql-tools/code-file-loader": "^8.0.0",
        "@graphql-tools/git-loader": "^8.0.0",
        "@graphql-tools/github-loader": "^8.0.0",
        "@graphql-tools/graphql-file-loader": "^8.0.0",
        "@graphql-tools/json-file-loader": "^8.0.0",
        "@graphql-tools/load": "^8.0.0",
        "@graphql-tools/prisma-loader": "^8.0.0",
        "@graphql-tools/url-loader": "^8.0.0",
        "@graphql-tools/utils": "^10.0.0",
        "@whatwg-node/fetch": "^0.8.0",
        "chalk": "^4.1.0",
        "cosmiconfig": "^8.1.3",
        "debounce": "^1.2.0",
        "detect-indent": "^6.0.0",
        "graphql-config": "^5.0.2",
        "inquirer": "^8.0.0",
        "is-glob": "^4.0.1",
        "jiti": "^1.17.1",
        "json-to-pretty-yaml": "^1.2.2",
        "listr2": "^4.0.5",
        "log-symbols": "^4.0.0",
        "micromatch": "^4.0.5",
        "shell-quote": "^1.7.3",
        "string-env-interpolation": "^1.0.1",
        "ts-log": "^2.2.3",
        "tslib": "^2.4.0",
        "yaml": "^2.3.1",
        "yargs": "^17.0.0"
      },
      "bin": {
        "gql-gen": "cjs/bin.js",
        "graphql-code-generator": "cjs/bin.js",
        "graphql-codegen": "cjs/bin.js",
        "graphql-codegen-esm": "esm/bin.js"
      },
      "peerDependencies": {
        "@parcel/watcher": "^2.1.0",
        "graphql": "^0.8.0 || ^0.9.0 || ^0.10.0 || ^0.11.0 || ^0.12.0 || ^0.13.0 || ^14.0.0 || ^15.0.0 || ^16.0.0"
      },
      "peerDependenciesMeta": {
        "@parcel/watcher": {
          "optional": true
        }
      }
    },
    "../iota/node_modules/.pnpm/@graphql-codegen+typed-document-node@5.0.4_graphql@16.8.1/node_modules/@graphql-codegen/typed-document-node": {
      "version": "5.0.4",
      "extraneous": true,
      "license": "MIT",
      "dependencies": {
        "@graphql-codegen/plugin-helpers": "^5.0.3",
        "@graphql-codegen/visitor-plugin-common": "4.1.2",
        "auto-bind": "~4.0.0",
        "change-case-all": "1.0.15",
        "tslib": "~2.6.0"
      },
      "peerDependencies": {
        "graphql": "^0.8.0 || ^0.9.0 || ^0.10.0 || ^0.11.0 || ^0.12.0 || ^0.13.0 || ^14.0.0 || ^15.0.0 || ^16.0.0"
      }
    },
    "../iota/node_modules/.pnpm/@graphql-codegen+typescript-operations@4.1.2_graphql@16.8.1/node_modules/@graphql-codegen/typescript-operations": {
      "version": "4.1.2",
      "extraneous": true,
      "license": "MIT",
      "dependencies": {
        "@graphql-codegen/plugin-helpers": "^5.0.3",
        "@graphql-codegen/typescript": "^4.0.4",
        "@graphql-codegen/visitor-plugin-common": "4.1.2",
        "auto-bind": "~4.0.0",
        "tslib": "~2.6.0"
      },
      "peerDependencies": {
        "graphql": "^0.8.0 || ^0.9.0 || ^0.10.0 || ^0.11.0 || ^0.12.0 || ^0.13.0 || ^14.0.0 || ^15.0.0 || ^16.0.0"
      }
    },
    "../iota/node_modules/.pnpm/@graphql-codegen+typescript@4.0.4_graphql@16.8.1/node_modules/@graphql-codegen/typescript": {
      "version": "4.0.4",
      "extraneous": true,
      "license": "MIT",
      "dependencies": {
        "@graphql-codegen/plugin-helpers": "^5.0.3",
        "@graphql-codegen/schema-ast": "^4.0.2",
        "@graphql-codegen/visitor-plugin-common": "4.1.2",
        "auto-bind": "~4.0.0",
        "tslib": "~2.6.0"
      },
      "peerDependencies": {
        "graphql": "^0.12.0 || ^0.13.0 || ^14.0.0 || ^15.0.0 || ^16.0.0"
      }
    },
    "../iota/node_modules/.pnpm/@graphql-typed-document-node+core@3.2.0_graphql@16.8.1/node_modules/@graphql-typed-document-node/core": {
      "version": "3.2.0",
      "extraneous": true,
      "license": "MIT",
      "peerDependencies": {
        "graphql": "^0.8.0 || ^0.9.0 || ^0.10.0 || ^0.11.0 || ^0.12.0 || ^0.13.0 || ^14.0.0 || ^15.0.0 || ^16.0.0 || ^17.0.0"
      }
    },
    "../iota/node_modules/.pnpm/@iarna+toml@2.2.5/node_modules/@iarna/toml": {
      "version": "2.2.5",
      "extraneous": true,
      "license": "ISC",
      "devDependencies": {
        "@iarna/standard": "^2.0.2",
        "@ltd/j-toml": "^0.5.107",
        "@perl/qx": "^1.1.0",
        "@sgarciac/bombadil": "^2.3.0",
        "ansi": "^0.3.1",
        "approximate-number": "^2.0.0",
        "benchmark": "^2.1.4",
        "fast-toml": "^0.5.4",
        "funstream": "^4.2.0",
        "glob": "^7.1.6",
        "js-yaml": "^3.13.1",
        "rimraf": "^3.0.2",
        "tap": "^12.0.1",
        "toml": "^3.0.0",
        "toml-j0.4": "^1.1.1",
        "weallbehave": "*",
        "weallcontribute": "*"
      }
    },
    "../iota/node_modules/.pnpm/@noble+curves@1.1.0/node_modules/@noble/curves": {
      "version": "1.1.0",
      "extraneous": true,
      "license": "MIT",
      "dependencies": {
        "@noble/hashes": "1.3.1"
      },
      "devDependencies": {
        "fast-check": "3.0.0",
        "micro-bmark": "0.3.1",
        "micro-should": "0.4.0",
        "prettier": "2.8.4",
        "typescript": "5.0.2"
      },
      "funding": {
        "url": "https://paulmillr.com/funding/"
      }
    },
    "../iota/node_modules/.pnpm/@noble+hashes@1.3.1/node_modules/@noble/hashes": {
      "version": "1.3.1",
      "extraneous": true,
      "license": "MIT",
      "devDependencies": {
        "micro-bmark": "0.3.1",
        "micro-should": "0.4.0",
        "prettier": "2.8.4",
        "typescript": "5.0.2"
      },
      "engines": {
        "node": ">= 16"
      },
      "funding": {
        "url": "https://paulmillr.com/funding/"
      }
    },
    "../iota/node_modules/.pnpm/@scure+bip32@1.3.1/node_modules/@scure/bip32": {
      "version": "1.3.1",
      "extraneous": true,
      "license": "MIT",
      "dependencies": {
        "@noble/curves": "~1.1.0",
        "@noble/hashes": "~1.3.1",
        "@scure/base": "~1.1.0"
      },
      "devDependencies": {
        "micro-should": "0.4.0",
        "prettier": "2.8.4",
        "typescript": "5.0.2"
      },
      "funding": {
        "url": "https://paulmillr.com/funding/"
      }
    },
    "../iota/node_modules/.pnpm/@scure+bip39@1.2.1/node_modules/@scure/bip39": {
      "version": "1.2.1",
      "extraneous": true,
      "license": "MIT",
      "dependencies": {
        "@noble/hashes": "~1.3.0",
        "@scure/base": "~1.1.0"
      },
      "devDependencies": {
        "micro-should": "0.4.0",
        "prettier": "2.8.4",
        "typescript": "5.0.2"
      },
      "funding": {
        "url": "https://paulmillr.com/funding/"
      }
    },
    "../iota/node_modules/.pnpm/@size-limit+preset-small-lib@8.2.6_size-limit@8.2.6/node_modules/@size-limit/preset-small-lib": {
      "version": "8.2.6",
      "extraneous": true,
      "license": "MIT",
      "dependencies": {
        "@size-limit/esbuild": "8.2.6",
        "@size-limit/file": "8.2.6",
        "size-limit": "8.2.6"
      },
      "peerDependencies": {
        "size-limit": "8.2.6"
      }
    },
    "../iota/node_modules/.pnpm/@suchipi+femver@1.0.0/node_modules/@suchipi/femver": {
      "version": "1.0.0",
      "extraneous": true,
      "license": "MIT",
      "devDependencies": {
        "@suchipi/jasmine-mini": "^3.2.1",
        "@types/jest": "^27.4.1",
        "jest": "^27.5.1",
        "pretty-print-error": "^1.0.0"
      }
    },
    "../iota/node_modules/.pnpm/@types+node@20.4.2/node_modules/@types/node": {
      "version": "20.4.2",
      "extraneous": true,
      "license": "MIT"
    },
    "../iota/node_modules/.pnpm/@types+postcss-prefix-selector@1.16.1/node_modules/@types/postcss-prefix-selector": {
      "version": "1.16.1",
      "extraneous": true,
      "license": "MIT",
      "dependencies": {
        "postcss": "^8.4.27"
      }
    },
    "../iota/node_modules/.pnpm/@types+tmp@0.2.3/node_modules/@types/tmp": {
      "version": "0.2.3",
      "extraneous": true,
      "license": "MIT"
    },
    "../iota/node_modules/.pnpm/@types+ws@8.5.9/node_modules/@types/ws": {
      "version": "8.5.9",
      "extraneous": true,
      "license": "MIT",
      "dependencies": {
        "@types/node": "*"
      }
    },
    "../iota/node_modules/.pnpm/@vanilla-extract+esbuild-plugin@2.3.0_@types+node@20.4.2_sass@1.63.6_terser@5.31.0/node_modules/@vanilla-extract/esbuild-plugin": {
      "version": "2.3.0",
      "extraneous": true,
      "license": "MIT",
      "dependencies": {
        "@vanilla-extract/integration": "^6.2.0"
      },
      "devDependencies": {
        "esbuild": "0.17.6"
      }
    },
    "../iota/node_modules/.pnpm/autoprefixer@10.4.14_postcss@8.4.31/node_modules/autoprefixer": {
      "version": "10.4.14",
      "extraneous": true,
      "funding": [
        {
          "type": "opencollective",
          "url": "https://opencollective.com/postcss/"
        },
        {
          "type": "tidelift",
          "url": "https://tidelift.com/funding/github/npm/autoprefixer"
        }
      ],
      "license": "MIT",
      "dependencies": {
        "browserslist": "^4.21.5",
        "caniuse-lite": "^1.0.30001464",
        "fraction.js": "^4.2.0",
        "normalize-range": "^0.1.2",
        "picocolors": "^1.0.0",
        "postcss-value-parser": "^4.2.0"
      },
      "bin": {
        "autoprefixer": "bin/autoprefixer"
      },
      "engines": {
        "node": "^10 || ^12 || >=14"
      },
      "peerDependencies": {
        "postcss": "^8.1.0"
      }
    },
    "../iota/node_modules/.pnpm/bech32@2.0.0/node_modules/bech32": {
      "version": "2.0.0",
      "extraneous": true,
      "license": "MIT",
      "devDependencies": {
        "@types/node": "^14.0.14",
        "@types/tape": "^4.13.0",
        "nyc": "^15.0.0",
        "prettier": "^2.0.5",
        "rimraf": "^3.0.2",
        "tap-dot": "*",
        "tape": "^4.13.2",
        "tslint": "^6.1.3",
        "typescript": "^3.9.5"
      }
    },
    "../iota/node_modules/.pnpm/bs58@5.0.0/node_modules/bs58": {
      "version": "5.0.0",
      "extraneous": true,
      "license": "MIT",
      "dependencies": {
        "base-x": "^4.0.0"
      },
      "devDependencies": {
        "standard": "^16.0.4",
        "tape": "^4.6.3"
      }
    },
    "../iota/node_modules/.pnpm/cross-env@7.0.3/node_modules/cross-env": {
      "version": "7.0.3",
      "extraneous": true,
      "license": "MIT",
      "dependencies": {
        "cross-spawn": "^7.0.1"
      },
      "bin": {
        "cross-env": "src/bin/cross-env.js",
        "cross-env-shell": "src/bin/cross-env-shell.js"
      },
      "devDependencies": {
        "kcd-scripts": "^5.5.0"
      },
      "engines": {
        "node": ">=10.14",
        "npm": ">=6",
        "yarn": ">=1"
      }
    },
    "../iota/node_modules/.pnpm/dotenv@16.4.5/node_modules/dotenv": {
      "version": "16.4.5",
      "extraneous": true,
      "license": "BSD-2-Clause",
      "devDependencies": {
        "@definitelytyped/dtslint": "^0.0.133",
        "@types/node": "^18.11.3",
        "decache": "^4.6.1",
        "sinon": "^14.0.1",
        "standard": "^17.0.0",
        "standard-markdown": "^7.1.0",
        "standard-version": "^9.5.0",
        "tap": "^16.3.0",
        "tar": "^6.1.11",
        "typescript": "^4.8.4"
      },
      "engines": {
        "node": ">=12"
      },
      "funding": {
        "url": "https://dotenvx.com"
      }
    },
    "../iota/node_modules/.pnpm/esbuild@0.17.6/node_modules/esbuild": {
      "version": "0.17.6",
      "extraneous": true,
      "hasInstallScript": true,
      "license": "MIT",
      "bin": {
        "esbuild": "bin/esbuild"
      },
      "engines": {
        "node": ">=12"
      },
      "optionalDependencies": {
        "@esbuild/android-arm": "0.17.6",
        "@esbuild/android-arm64": "0.17.6",
        "@esbuild/android-x64": "0.17.6",
        "@esbuild/darwin-arm64": "0.17.6",
        "@esbuild/darwin-x64": "0.17.6",
        "@esbuild/freebsd-arm64": "0.17.6",
        "@esbuild/freebsd-x64": "0.17.6",
        "@esbuild/linux-arm": "0.17.6",
        "@esbuild/linux-arm64": "0.17.6",
        "@esbuild/linux-ia32": "0.17.6",
        "@esbuild/linux-loong64": "0.17.6",
        "@esbuild/linux-mips64el": "0.17.6",
        "@esbuild/linux-ppc64": "0.17.6",
        "@esbuild/linux-riscv64": "0.17.6",
        "@esbuild/linux-s390x": "0.17.6",
        "@esbuild/linux-x64": "0.17.6",
        "@esbuild/netbsd-x64": "0.17.6",
        "@esbuild/openbsd-x64": "0.17.6",
        "@esbuild/sunos-x64": "0.17.6",
        "@esbuild/win32-arm64": "0.17.6",
        "@esbuild/win32-ia32": "0.17.6",
        "@esbuild/win32-x64": "0.17.6"
      }
    },
    "../iota/node_modules/.pnpm/gql.tada@1.7.5_graphql@16.8.1_typescript@5.3.3/node_modules/gql.tada": {
      "version": "1.7.5",
      "extraneous": true,
      "license": "MIT",
      "dependencies": {
        "@0no-co/graphql.web": "^1.0.5",
        "@gql.tada/cli-utils": "1.3.9",
        "@gql.tada/internal": "1.0.0"
      },
      "bin": {
        "gql-tada": "bin/cli.js",
        "gql.tada": "bin/cli.js"
      },
      "devDependencies": {
        "@0no-co/typescript.js": "5.3.2-2",
        "@actions/core": "^1.10.0",
        "@actions/github": "^5.1.1",
        "@babel/plugin-transform-block-scoping": "^7.23.4",
        "@babel/plugin-transform-typescript": "^7.23.6",
        "@changesets/cli": "^2.27.1",
        "@changesets/get-github-info": "^0.6.0",
        "@rollup/plugin-babel": "^6.0.4",
        "@rollup/plugin-commonjs": "^25.0.7",
        "@rollup/plugin-node-resolve": "^15.2.3",
        "@rollup/plugin-terser": "^0.4.4",
        "@types/node": "^20.11.0",
        "@typescript-eslint/eslint-plugin": "^6.18.1",
        "@typescript-eslint/parser": "^6.18.1",
        "dotenv": "^16.3.1",
        "eslint": "^8.56.0",
        "eslint-config-prettier": "^9.1.0",
        "eslint-plugin-prettier": "^5.1.3",
        "eslint-plugin-tsdoc": "^0.2.17",
        "expect-type": "^0.17.3",
        "graphql": "^16.8.1",
        "lint-staged": "^15.2.0",
        "npm-run-all": "^4.1.5",
        "prettier": "^3.1.1",
        "rimraf": "^5.0.5",
        "rollup": "^4.9.4",
        "rollup-plugin-cjs-check": "^1.0.3",
        "rollup-plugin-dts": "^6.1.0",
        "terser": "^5.26.0",
        "typescript": "^5.3.3",
        "vitest": "1.1.3"
      },
      "peerDependencies": {
        "typescript": "^5.0.0"
      }
    },
    "../iota/node_modules/.pnpm/graphql-config@5.0.3_@types+node@20.4.2_graphql@16.8.1/node_modules/graphql-config": {
      "version": "5.0.3",
      "extraneous": true,
      "license": "MIT",
      "dependencies": {
        "@graphql-tools/graphql-file-loader": "^8.0.0",
        "@graphql-tools/json-file-loader": "^8.0.0",
        "@graphql-tools/load": "^8.0.0",
        "@graphql-tools/merge": "^9.0.0",
        "@graphql-tools/url-loader": "^8.0.0",
        "@graphql-tools/utils": "^10.0.0",
        "cosmiconfig": "^8.1.0",
        "jiti": "^1.18.2",
        "minimatch": "^4.2.3",
        "string-env-interpolation": "^1.0.1",
        "tslib": "^2.4.0"
      },
      "engines": {
        "node": ">= 16.0.0"
      },
      "peerDependencies": {
        "cosmiconfig-toml-loader": "^1.0.0",
        "graphql": "^0.11.0 || ^0.12.0 || ^0.13.0 || ^14.0.0 || ^15.0.0 || ^16.0.0"
      },
      "peerDependenciesMeta": {
        "cosmiconfig-toml-loader": {
          "optional": true
        }
      }
    },
    "../iota/node_modules/.pnpm/graphql@16.8.1/node_modules/graphql": {
      "version": "16.8.1",
      "extraneous": true,
      "license": "MIT",
      "engines": {
        "node": "^12.22.0 || ^14.16.0 || ^16.0.0 || >=17.0.0"
      }
    },
    "../iota/node_modules/.pnpm/msw@1.2.2_typescript@5.3.3/node_modules/msw": {
      "version": "1.2.2",
      "extraneous": true,
      "hasInstallScript": true,
      "license": "MIT",
      "dependencies": {
        "@mswjs/cookies": "^0.2.2",
        "@mswjs/interceptors": "^0.17.5",
        "@open-draft/until": "^1.0.3",
        "@types/cookie": "^0.4.1",
        "@types/js-levenshtein": "^1.1.1",
        "chalk": "4.1.1",
        "chokidar": "^3.4.2",
        "cookie": "^0.4.2",
        "graphql": "^15.0.0 || ^16.0.0",
        "headers-polyfill": "^3.1.2",
        "inquirer": "^8.2.0",
        "is-node-process": "^1.2.0",
        "js-levenshtein": "^1.1.6",
        "node-fetch": "^2.6.7",
        "outvariant": "^1.4.0",
        "path-to-regexp": "^6.2.0",
        "strict-event-emitter": "^0.4.3",
        "type-fest": "^2.19.0",
        "yargs": "^17.3.1"
      },
      "bin": {
        "msw": "cli/index.js"
      },
      "devDependencies": {
        "@babel/core": "^7.17.2",
        "@babel/preset-env": "^7.16.11",
        "@commitlint/cli": "^16.1.0",
        "@commitlint/config-conventional": "^16.0.0",
        "@open-draft/test-server": "^0.4.2",
        "@ossjs/release": "^0.4.0",
        "@playwright/test": "^1.30.0",
        "@swc/core": "^1.3.35",
        "@swc/jest": "^0.2.24",
        "@types/express": "^4.17.17",
        "@types/fs-extra": "^9.0.13",
        "@types/jest": "^29.4.0",
        "@types/json-bigint": "^1.0.1",
        "@types/node": "^14.14.31",
        "@types/node-fetch": "^2.5.11",
        "@types/puppeteer": "^5.4.4",
        "@typescript-eslint/eslint-plugin": "^5.11.0",
        "@typescript-eslint/parser": "^5.11.0",
        "babel-loader": "^8.2.3",
        "babel-minify": "^0.5.1",
        "commitizen": "^4.2.4",
        "cross-env": "^7.0.3",
        "cross-fetch": "^3.1.5",
        "cz-conventional-changelog": "3.3.0",
        "esbuild-loader": "^2.21.0",
        "eslint": "^7.30.0",
        "eslint-config-prettier": "^8.3.0",
        "eslint-plugin-prettier": "^3.4.0",
        "express": "^4.18.2",
        "fs-extra": "^10.0.0",
        "fs-teardown": "^0.3.0",
        "jest": "^29.4.3",
        "jest-environment-jsdom": "^29.4.3",
        "json-bigint": "^1.0.0",
        "lint-staged": "^13.0.3",
        "page-with": "^0.5.0",
        "prettier": "^2.7.1",
        "regenerator-runtime": "^0.13.9",
        "rimraf": "^3.0.2",
        "simple-git-hooks": "^2.8.0",
        "statuses": "^2.0.0",
        "ts-node": "^10.9.1",
        "tsup": "^5.12.8",
        "typescript": "^5.0.2",
        "url-loader": "^4.1.1",
        "webpack": "^5.68.0",
        "webpack-dev-server": "^3.11.2",
        "webpack-http-server": "^0.5.0"
      },
      "engines": {
        "node": ">=14"
      },
      "funding": {
        "type": "opencollective",
        "url": "https://opencollective.com/mswjs"
      },
      "peerDependencies": {
        "typescript": ">= 4.4.x <= 5.1.x"
      },
      "peerDependenciesMeta": {
        "typescript": {
          "optional": true
        }
      }
    },
    "../iota/node_modules/.pnpm/postcss-prefix-selector@1.16.0_postcss@8.4.31/node_modules/postcss-prefix-selector": {
      "version": "1.16.0",
      "extraneous": true,
      "license": "MIT",
      "devDependencies": {
        "husky": "^4.0.2",
        "istanbul": "~0.4.5",
        "lint-staged": "^10.0.3",
        "mocha": "^9.2.2",
        "postcss": "^8.0.0",
        "postcss-nested": "^5.0.6",
        "prettier": "^2.0.0"
      },
      "peerDependencies": {
        "postcss": ">4 <9"
      }
    },
    "../iota/node_modules/.pnpm/postcss@8.4.31/node_modules/postcss": {
      "version": "8.4.31",
      "extraneous": true,
      "funding": [
        {
          "type": "opencollective",
          "url": "https://opencollective.com/postcss/"
        },
        {
          "type": "tidelift",
          "url": "https://tidelift.com/funding/github/npm/postcss"
        },
        {
          "type": "github",
          "url": "https://github.com/sponsors/ai"
        }
      ],
      "license": "MIT",
      "dependencies": {
        "nanoid": "^3.3.6",
        "picocolors": "^1.0.0",
        "source-map-js": "^1.0.2"
      },
      "engines": {
        "node": "^10 || ^12 || >=14"
      }
    },
    "../iota/node_modules/.pnpm/size-limit@8.2.6/node_modules/size-limit": {
      "version": "8.2.6",
      "extraneous": true,
      "license": "MIT",
      "dependencies": {
        "bytes-iec": "^3.1.1",
        "chokidar": "^3.5.3",
        "globby": "^11.1.0",
        "lilconfig": "^2.1.0",
        "nanospinner": "^1.1.0",
        "picocolors": "^1.0.0"
      },
      "bin": {
        "size-limit": "bin.js"
      },
      "engines": {
        "node": "^14.0.0 || ^16.0.0 || >=18.0.0"
      }
    },
    "../iota/node_modules/.pnpm/superstruct@1.0.3/node_modules/superstruct": {
      "version": "1.0.3",
      "extraneous": true,
      "license": "MIT",
      "devDependencies": {
        "@babel/cli": "^7.6.3",
        "@babel/core": "^7.6.3",
        "@babel/plugin-transform-modules-commonjs": "^7.12.1",
        "@babel/preset-env": "^7.20.2",
        "@babel/preset-typescript": "^7.6.0",
        "@babel/register": "^7.6.2",
        "@rollup/plugin-typescript": "^9.0.2",
        "@types/expect": "^24.3.0",
        "@types/lodash": "^4.14.144",
        "@types/mocha": "^10.0.0",
        "@types/node": "^18.7.14",
        "@typescript-eslint/eslint-plugin": "^5.43.0",
        "@typescript-eslint/parser": "^5.43.0",
        "babel-eslint": "^10.0.3",
        "eslint": "^7.14.0",
        "eslint-config-prettier": "^7.2.0",
        "eslint-plugin-import": "^2.22.1",
        "eslint-plugin-prettier": "^4.0.0",
        "is-email": "^1.0.0",
        "is-url": "^1.2.4",
        "is-uuid": "^1.0.2",
        "lodash": "^4.17.15",
        "mocha": "^10.0.0",
        "np": "^7.6.2",
        "prettier": "^2.0.5",
        "rollup": "^3.3.0",
        "typescript": "^4.8.3"
      },
      "engines": {
        "node": ">=14.0.0"
      }
    },
    "../iota/node_modules/.pnpm/tmp@0.2.1/node_modules/tmp": {
      "version": "0.2.1",
      "extraneous": true,
      "license": "MIT",
      "dependencies": {
        "rimraf": "^3.0.0"
      },
      "devDependencies": {
        "eslint": "^6.3.0",
        "eslint-plugin-mocha": "^6.1.1",
        "istanbul": "^0.4.5",
        "lerna-changelog": "^1.0.1",
        "mocha": "^6.2.0"
      },
      "engines": {
        "node": ">=8.17.0"
      }
    },
    "../iota/node_modules/.pnpm/ts-retry-promise@0.7.0/node_modules/ts-retry-promise": {
      "version": "0.7.0",
      "extraneous": true,
      "license": "MIT",
      "devDependencies": {
        "@sinonjs/fake-timers": "^8.1.0",
        "@stryker-mutator/core": "^5.6.1",
        "@stryker-mutator/mocha-runner": "^5.6.1",
        "@stryker-mutator/typescript-checker": "^5.6.1",
        "@types/chai": "^4.2.11",
        "@types/chai-as-promised": "^7.1.2",
        "@types/mocha": "^9.0.1",
        "@types/node": "^17.0.13",
        "@types/sinonjs__fake-timers": "^8.1.1",
        "browserify": "^17.0.0",
        "chai": "^4.3.6",
        "chai-as-promised": "^7.1.1",
        "del-cli": "^4.0.1",
        "mocha": "^9.2.0",
        "nyc": "^15.0.1",
        "ts-node": "^10.4.0",
        "tsify": "^5.0.4",
        "tslint": "^6.1.2",
        "tslint-no-unused-expression-chai": "^0.1.4",
        "typescript": "^3.9.10"
      },
      "engines": {
        "node": ">=6"
      }
    },
    "../iota/node_modules/.pnpm/tweetnacl@1.0.3/node_modules/tweetnacl": {
      "version": "1.0.3",
      "extraneous": true,
      "license": "Unlicense",
      "devDependencies": {
        "browserify": "^16.2.3",
        "eslint": "^6.8.0",
        "faucet": "^0.0.1",
        "tap-browser-color": "^0.1.2",
        "tape": "^4.13.0",
        "tweetnacl-util": "^0.15.0",
        "uglify-js": "^3.7.5"
      }
    },
    "../iota/node_modules/.pnpm/typescript@5.3.3/node_modules/typescript": {
      "version": "5.3.3",
      "extraneous": true,
      "license": "Apache-2.0",
      "bin": {
        "tsc": "bin/tsc",
        "tsserver": "bin/tsserver"
      },
      "devDependencies": {
        "@esfx/canceltoken": "^1.0.0",
        "@octokit/rest": "^19.0.13",
        "@types/chai": "^4.3.4",
        "@types/glob": "^8.1.0",
        "@types/microsoft__typescript-etw": "^0.1.1",
        "@types/minimist": "^1.2.2",
        "@types/mocha": "^10.0.1",
        "@types/ms": "^0.7.31",
        "@types/node": "latest",
        "@types/source-map-support": "^0.5.6",
        "@types/which": "^2.0.1",
        "@typescript-eslint/eslint-plugin": "^6.0.0",
        "@typescript-eslint/parser": "^6.0.0",
        "@typescript-eslint/utils": "^6.0.0",
        "azure-devops-node-api": "^12.0.0",
        "c8": "^7.14.0",
        "chai": "^4.3.7",
        "chalk": "^4.1.2",
        "chokidar": "^3.5.3",
        "diff": "^5.1.0",
        "dprint": "^0.42.3",
        "esbuild": "^0.19.0",
        "eslint": "^8.22.0",
        "eslint-formatter-autolinkable-stylish": "^1.2.0",
        "eslint-plugin-local": "^1.0.0",
        "eslint-plugin-no-null": "^1.0.2",
        "eslint-plugin-simple-import-sort": "^10.0.0",
        "fast-xml-parser": "^4.0.11",
        "glob": "^8.1.0",
        "hereby": "^1.6.4",
        "jsonc-parser": "^3.2.0",
        "minimist": "^1.2.8",
        "mocha": "^10.2.0",
        "mocha-fivemat-progress-reporter": "^0.1.0",
        "ms": "^2.1.3",
        "node-fetch": "^3.2.10",
        "playwright": "^1.38.0",
        "source-map-support": "^0.5.21",
        "tslib": "^2.5.0",
        "typescript": "^5.0.2",
        "which": "^2.0.2"
      },
      "engines": {
        "node": ">=14.17"
      }
    },
    "../iota/node_modules/.pnpm/vite@4.4.4_@types+node@20.4.2_sass@1.63.6_terser@5.31.0/node_modules/vite": {
      "version": "4.4.4",
      "extraneous": true,
      "license": "MIT",
      "dependencies": {
        "esbuild": "^0.18.10",
        "postcss": "^8.4.25",
        "rollup": "^3.25.2"
      },
      "bin": {
        "vite": "bin/vite.js"
      },
      "devDependencies": {
        "@ampproject/remapping": "^2.2.1",
        "@babel/parser": "^7.22.7",
        "@babel/types": "^7.22.5",
        "@jridgewell/trace-mapping": "^0.3.18",
        "@rollup/plugin-alias": "^4.0.4",
        "@rollup/plugin-commonjs": "^25.0.2",
        "@rollup/plugin-dynamic-import-vars": "^2.0.4",
        "@rollup/plugin-json": "^6.0.0",
        "@rollup/plugin-node-resolve": "15.1.0",
        "@rollup/plugin-typescript": "^11.1.2",
        "@rollup/pluginutils": "^5.0.2",
        "@types/escape-html": "^1.0.2",
        "@types/pnpapi": "^0.0.2",
        "acorn": "^8.10.0",
        "acorn-walk": "^8.2.0",
        "cac": "^6.7.14",
        "chokidar": "^3.5.3",
        "connect": "^3.7.0",
        "connect-history-api-fallback": "^2.0.0",
        "convert-source-map": "^2.0.0",
        "cors": "^2.8.5",
        "cross-spawn": "^7.0.3",
        "debug": "^4.3.4",
        "dep-types": "link:./src/types",
        "dotenv": "^16.3.1",
        "dotenv-expand": "^9.0.0",
        "es-module-lexer": "^1.3.0",
        "escape-html": "^1.0.3",
        "estree-walker": "^3.0.3",
        "etag": "^1.8.1",
        "fast-glob": "^3.3.0",
        "http-proxy": "^1.18.1",
        "json-stable-stringify": "^1.0.2",
        "launch-editor-middleware": "^2.6.0",
        "lightningcss": "^1.21.5",
        "magic-string": "^0.30.1",
        "micromatch": "^4.0.5",
        "mlly": "^1.4.0",
        "mrmime": "^1.0.1",
        "okie": "^1.0.1",
        "open": "^8.4.2",
        "parse5": "^7.1.2",
        "periscopic": "^3.1.0",
        "picocolors": "^1.0.0",
        "picomatch": "^2.3.1",
        "postcss-import": "^15.1.0",
        "postcss-load-config": "^4.0.1",
        "postcss-modules": "^6.0.0",
        "resolve.exports": "^2.0.2",
        "rollup-plugin-license": "^3.0.1",
        "sirv": "^2.0.3",
        "source-map-support": "^0.5.21",
        "strip-ansi": "^7.1.0",
        "strip-literal": "^1.0.1",
        "tsconfck": "^2.1.1",
        "tslib": "^2.6.0",
        "types": "link:./types",
        "ufo": "^1.1.2",
        "ws": "^8.13.0"
      },
      "engines": {
        "node": "^14.18.0 || >=16.0.0"
      },
      "funding": {
        "url": "https://github.com/vitejs/vite?sponsor=1"
      },
      "optionalDependencies": {
        "fsevents": "~2.3.2"
      },
      "peerDependencies": {
        "@types/node": ">= 14",
        "less": "*",
        "lightningcss": "^1.21.0",
        "sass": "*",
        "stylus": "*",
        "sugarss": "*",
        "terser": "^5.4.0"
      },
      "peerDependenciesMeta": {
        "@types/node": {
          "optional": true
        },
        "less": {
          "optional": true
        },
        "lightningcss": {
          "optional": true
        },
        "sass": {
          "optional": true
        },
        "stylus": {
          "optional": true
        },
        "sugarss": {
          "optional": true
        },
        "terser": {
          "optional": true
        }
      }
    },
    "../iota/node_modules/.pnpm/vitest@0.33.0_@vitest+ui@0.33.0_happy-dom@10.5.1_jsdom@23.0.0_playwright@1.46.1_sass@1.63.6_terser@5.31.0/node_modules/vitest": {
      "version": "0.33.0",
      "extraneous": true,
      "license": "MIT",
      "dependencies": {
        "@types/chai": "^4.3.5",
        "@types/chai-subset": "^1.3.3",
        "@types/node": "*",
        "@vitest/expect": "0.33.0",
        "@vitest/runner": "0.33.0",
        "@vitest/snapshot": "0.33.0",
        "@vitest/spy": "0.33.0",
        "@vitest/utils": "0.33.0",
        "acorn": "^8.9.0",
        "acorn-walk": "^8.2.0",
        "cac": "^6.7.14",
        "chai": "^4.3.7",
        "debug": "^4.3.4",
        "local-pkg": "^0.4.3",
        "magic-string": "^0.30.1",
        "pathe": "^1.1.1",
        "picocolors": "^1.0.0",
        "std-env": "^3.3.3",
        "strip-literal": "^1.0.1",
        "tinybench": "^2.5.0",
        "tinypool": "^0.6.0",
        "vite": "^3.0.0 || ^4.0.0",
        "vite-node": "0.33.0",
        "why-is-node-running": "^2.2.2"
      },
      "bin": {
        "vitest": "vitest.mjs"
      },
      "devDependencies": {
        "@ampproject/remapping": "^2.2.1",
        "@antfu/install-pkg": "^0.1.1",
        "@edge-runtime/vm": "3.0.3",
        "@jridgewell/trace-mapping": "^0.3.18",
        "@sinonjs/fake-timers": "^11.0.0",
        "@types/diff": "^5.0.3",
        "@types/estree": "^1.0.1",
        "@types/istanbul-lib-coverage": "^2.0.4",
        "@types/istanbul-reports": "^3.0.1",
        "@types/jsdom": "^21.1.1",
        "@types/micromatch": "^4.0.2",
        "@types/prompts": "^2.4.4",
        "@types/sinonjs__fake-timers": "^8.1.2",
        "birpc": "0.2.12",
        "chai-subset": "^1.6.0",
        "cli-truncate": "^3.1.0",
        "event-target-polyfill": "^0.0.3",
        "execa": "^7.1.1",
        "expect-type": "^0.16.0",
        "fast-glob": "^3.3.0",
        "find-up": "^6.3.0",
        "flatted": "^3.2.7",
        "get-tsconfig": "^4.6.2",
        "happy-dom": "^9.20.3",
        "jsdom": "^22.1.0",
        "log-update": "^5.0.1",
        "micromatch": "^4.0.5",
        "mlly": "^1.4.0",
        "p-limit": "^4.0.0",
        "pkg-types": "^1.0.3",
        "playwright": "^1.35.1",
        "pretty-format": "^29.5.0",
        "prompts": "^2.4.2",
        "safaridriver": "^0.0.5",
        "strip-ansi": "^7.1.0",
        "webdriverio": "^8.11.2",
        "ws": "^8.13.0"
      },
      "engines": {
        "node": ">=v14.18.0"
      },
      "funding": {
        "url": "https://opencollective.com/vitest"
      },
      "peerDependencies": {
        "@edge-runtime/vm": "*",
        "@vitest/browser": "*",
        "@vitest/ui": "*",
        "happy-dom": "*",
        "jsdom": "*",
        "playwright": "*",
        "safaridriver": "*",
        "webdriverio": "*"
      },
      "peerDependenciesMeta": {
        "@edge-runtime/vm": {
          "optional": true
        },
        "@vitest/browser": {
          "optional": true
        },
        "@vitest/ui": {
          "optional": true
        },
        "happy-dom": {
          "optional": true
        },
        "jsdom": {
          "optional": true
        },
        "playwright": {
          "optional": true
        },
        "safaridriver": {
          "optional": true
        },
        "webdriverio": {
          "optional": true
        }
      }
    },
    "../iota/node_modules/.pnpm/wait-on@7.0.1_debug@4.3.4/node_modules/wait-on": {
      "version": "7.0.1",
      "extraneous": true,
      "license": "MIT",
      "dependencies": {
        "axios": "^0.27.2",
        "joi": "^17.7.0",
        "lodash": "^4.17.21",
        "minimist": "^1.2.7",
        "rxjs": "^7.8.0"
      },
      "bin": {
        "wait-on": "bin/wait-on"
      },
      "devDependencies": {
        "eslint": "^8.29.0",
        "eslint-config-prettier": "^8.5.0",
        "eslint-config-standard": "^17.0.0",
        "eslint-plugin-chai-friendly": "^0.7.2",
        "eslint-plugin-import": "^2.26.0",
        "eslint-plugin-n": "^15.6.0",
        "eslint-plugin-node": "^11.1.0",
        "eslint-plugin-promise": "^6.1.1",
        "expect-legacy": "^1.20.2",
        "mkdirp": "^1.0.4",
        "mocha": "^10.2.0",
        "temp": "^0.9.4"
      },
      "engines": {
        "node": ">=12.0.0"
      }
    },
    "../iota/node_modules/.pnpm/ws@8.17.1/node_modules/ws": {
      "version": "8.17.1",
      "extraneous": true,
      "license": "MIT",
      "devDependencies": {
        "benchmark": "^2.1.4",
        "bufferutil": "^4.0.1",
        "eslint": "^9.0.0",
        "eslint-config-prettier": "^9.0.0",
        "eslint-plugin-prettier": "^5.0.0",
        "globals": "^15.0.0",
        "mocha": "^8.4.0",
        "nyc": "^15.0.0",
        "prettier": "^3.0.0",
        "utf-8-validate": "^6.0.0"
      },
      "engines": {
        "node": ">=10.0.0"
      },
      "peerDependencies": {
        "bufferutil": "^4.0.1",
        "utf-8-validate": ">=5.0.2"
      },
      "peerDependenciesMeta": {
        "bufferutil": {
          "optional": true
        },
        "utf-8-validate": {
          "optional": true
        }
      }
    },
    "../iota/sdk/bcs": {
      "name": "@iota/bcs",
      "version": "0.1.0",
      "extraneous": true,
      "license": "Apache-2.0",
      "dependencies": {
        "bs58": "^5.0.0"
      },
      "devDependencies": {
        "@iota/build-scripts": "workspace:*",
        "@size-limit/preset-small-lib": "^8.2.6",
        "size-limit": "^8.2.6",
        "typescript": "^5.3.3",
        "vitest": "^0.33.0"
      }
    },
    "../iota/sdk/build-scripts": {
      "name": "@iota/build-scripts",
      "version": "0.0.0",
      "extraneous": true,
      "license": "Apache-2.0",
      "dependencies": {
        "@types/node": "^20.4.2"
      },
      "bin": {
        "build-dapp-kit": "src/build-dapp-kit.ts",
        "build-package": "src/build-package.ts"
      },
      "devDependencies": {
        "@types/postcss-prefix-selector": "^1.16.1",
        "@vanilla-extract/esbuild-plugin": "^2.3.0",
        "autoprefixer": "^10.4.14",
        "dotenv": "^16.4.5",
        "esbuild": "^0.17.6",
        "postcss": "^8.4.31",
        "postcss-prefix-selector": "^1.16.0",
        "typescript": "^5.3.3"
      },
      "engines": {
        "node": ">=20"
      }
    },
    "../iota/sdk/typescript": {
      "name": "@iota/iota-sdk",
      "version": "0.1.1",
      "extraneous": true,
      "license": "Apache-2.0",
      "dependencies": {
        "@graphql-typed-document-node/core": "^3.2.0",
        "@iota/bcs": "workspace:*",
        "@noble/curves": "^1.1.0",
        "@noble/hashes": "^1.3.1",
        "@scure/bip32": "^1.3.1",
        "@scure/bip39": "^1.2.1",
        "@suchipi/femver": "^1.0.0",
        "bech32": "^2.0.0",
        "gql.tada": "^1.4.1",
        "graphql": "^16.8.1",
        "superstruct": "^1.0.3",
        "tweetnacl": "^1.0.3"
      },
      "devDependencies": {
        "@0no-co/graphqlsp": "^1.7.1",
        "@graphql-codegen/add": "^5.0.2",
        "@graphql-codegen/cli": "^5.0.2",
        "@graphql-codegen/typed-document-node": "^5.0.4",
        "@graphql-codegen/typescript": "4.0.4",
        "@graphql-codegen/typescript-operations": "^4.1.2",
        "@iarna/toml": "^2.2.5",
        "@iota/build-scripts": "workspace:^",
        "@types/node": "^20.4.2",
        "@types/tmp": "^0.2.3",
        "@types/ws": "^8.5.9",
        "cross-env": "^7.0.3",
        "dotenv": "^16.4.5",
        "graphql-config": "^5.0.3",
        "msw": "^1.2.2",
        "tmp": "^0.2.1",
        "ts-retry-promise": "^0.7.0",
        "typescript": "^5.3.3",
        "vite": "^4.4.4",
        "vitest": "^0.33.0",
        "wait-on": "^7.0.1",
        "ws": "^8.17.1"
      },
      "engines": {
        "node": ">=20"
      }
    },
    "node_modules/@adraffy/ens-normalize": {
      "version": "1.10.1",
      "resolved": "https://registry.npmjs.org/@adraffy/ens-normalize/-/ens-normalize-1.10.1.tgz",
      "integrity": "sha512-96Z2IP3mYmF1Xg2cDm8f1gWGf/HUVedQ3FMifV4kG/PQ4yEP51xDtRAEfhVNt5f/uzpNkZHwWQuUcu6D6K+Ekw==",
      "license": "MIT"
    },
    "node_modules/@cspotcode/source-map-support": {
      "version": "0.8.1",
      "resolved": "https://registry.npmjs.org/@cspotcode/source-map-support/-/source-map-support-0.8.1.tgz",
      "integrity": "sha512-IchNf6dN4tHoMFIn/7OE8LWZ19Y6q/67Bmf6vnGREv8RSbBVb9LPJxEcnwrcwX6ixSvaiGoomAUvu4YSxXrVgw==",
      "license": "MIT",
      "dependencies": {
        "@jridgewell/trace-mapping": "0.3.9"
      },
      "engines": {
        "node": ">=12"
      }
    },
    "node_modules/@jridgewell/resolve-uri": {
      "version": "3.1.2",
      "resolved": "https://registry.npmjs.org/@jridgewell/resolve-uri/-/resolve-uri-3.1.2.tgz",
      "integrity": "sha512-bRISgCIjP20/tbWSPWMEi54QVPRZExkuD9lJL+UIxUKtwVJA8wW1Trb1jMs1RFXo1CBTNZ/5hpC9QvmKWdopKw==",
      "license": "MIT",
      "engines": {
        "node": ">=6.0.0"
      }
    },
    "node_modules/@jridgewell/sourcemap-codec": {
      "version": "1.5.0",
      "resolved": "https://registry.npmjs.org/@jridgewell/sourcemap-codec/-/sourcemap-codec-1.5.0.tgz",
      "integrity": "sha512-gv3ZRaISU3fjPAgNsriBRqGWQL6quFx04YMPW/zD8XMLsU32mhCCbfbO6KZFLjvYpCZ8zyDEgqsgf+PwPaM7GQ==",
      "license": "MIT"
    },
    "node_modules/@jridgewell/trace-mapping": {
      "version": "0.3.9",
      "resolved": "https://registry.npmjs.org/@jridgewell/trace-mapping/-/trace-mapping-0.3.9.tgz",
      "integrity": "sha512-3Belt6tdc8bPgAtbcmdtNJlirVoTmEb5e2gC94PnkwEW9jI6CAHUeoG85tjWP5WquqfavoMtMwiG4P926ZKKuQ==",
      "license": "MIT",
      "dependencies": {
        "@jridgewell/resolve-uri": "^3.0.3",
        "@jridgewell/sourcemap-codec": "^1.4.10"
      }
    },
    "node_modules/@noble/curves": {
      "version": "1.2.0",
      "resolved": "https://registry.npmjs.org/@noble/curves/-/curves-1.2.0.tgz",
      "integrity": "sha512-oYclrNgRaM9SsBUBVbb8M6DTV7ZHRTKugureoYEncY5c65HOmRzvSiTE3y5CYaPYJA/GVkrhXEoF0M3Ya9PMnw==",
      "license": "MIT",
      "dependencies": {
        "@noble/hashes": "1.3.2"
      },
      "funding": {
        "url": "https://paulmillr.com/funding/"
      }
    },
    "node_modules/@noble/hashes": {
      "version": "1.3.2",
      "resolved": "https://registry.npmjs.org/@noble/hashes/-/hashes-1.3.2.tgz",
      "integrity": "sha512-MVC8EAQp7MvEcm30KWENFjgR+Mkmf+D189XJTkFIlwohU5hcBbn1ZkKq7KVTi2Hme3PMGF390DaL52beVrIihQ==",
      "license": "MIT",
      "engines": {
        "node": ">= 16"
      },
      "funding": {
        "url": "https://paulmillr.com/funding/"
      }
    },
    "node_modules/@tsconfig/node10": {
      "version": "1.0.11",
      "resolved": "https://registry.npmjs.org/@tsconfig/node10/-/node10-1.0.11.tgz",
      "integrity": "sha512-DcRjDCujK/kCk/cUe8Xz8ZSpm8mS3mNNpta+jGCA6USEDfktlNvm1+IuZ9eTcDbNk41BHwpHHeW+N1lKCz4zOw==",
      "license": "MIT"
    },
    "node_modules/@tsconfig/node12": {
      "version": "1.0.11",
      "resolved": "https://registry.npmjs.org/@tsconfig/node12/-/node12-1.0.11.tgz",
      "integrity": "sha512-cqefuRsh12pWyGsIoBKJA9luFu3mRxCA+ORZvA4ktLSzIuCUtWVxGIuXigEwO5/ywWFMZ2QEGKWvkZG1zDMTag==",
      "license": "MIT"
    },
    "node_modules/@tsconfig/node14": {
      "version": "1.0.3",
      "resolved": "https://registry.npmjs.org/@tsconfig/node14/-/node14-1.0.3.tgz",
      "integrity": "sha512-ysT8mhdixWK6Hw3i1V2AeRqZ5WfXg1G43mqoYlM2nc6388Fq5jcXyr5mRsqViLx/GJYdoL0bfXD8nmF+Zn/Iow==",
      "license": "MIT"
    },
    "node_modules/@tsconfig/node16": {
      "version": "1.0.4",
      "resolved": "https://registry.npmjs.org/@tsconfig/node16/-/node16-1.0.4.tgz",
      "integrity": "sha512-vxhUy4J8lyeyinH7Azl1pdd43GJhZH/tP2weN8TntQblOY+A0XbT8DJk1/oCPuOOyg/Ja757rG0CgHcWC8OfMA==",
      "license": "MIT"
    },
    "node_modules/@types/node": {
      "version": "22.5.5",
      "resolved": "https://registry.npmjs.org/@types/node/-/node-22.5.5.tgz",
      "integrity": "sha512-Xjs4y5UPO/CLdzpgR6GirZJx36yScjh73+2NlLlkFRSoQN8B0DpfXPdZGnvVmLRLOsqDpOfTNv7D9trgGhmOIA==",
      "license": "MIT",
      "peer": true,
      "dependencies": {
        "undici-types": "~6.19.2"
      }
    },
    "node_modules/acorn": {
      "version": "8.12.1",
      "resolved": "https://registry.npmjs.org/acorn/-/acorn-8.12.1.tgz",
      "integrity": "sha512-tcpGyI9zbizT9JbV6oYE477V6mTlXvvi0T0G3SNIYE2apm/G5huBa1+K89VGeovbg+jycCrfhl3ADxErOuO6Jg==",
      "license": "MIT",
      "bin": {
        "acorn": "bin/acorn"
      },
      "engines": {
        "node": ">=0.4.0"
      }
    },
    "node_modules/acorn-walk": {
      "version": "8.3.4",
      "resolved": "https://registry.npmjs.org/acorn-walk/-/acorn-walk-8.3.4.tgz",
      "integrity": "sha512-ueEepnujpqee2o5aIYnvHU6C0A42MNdsIDeqy5BydrkuC5R1ZuUFnm27EeFJGoEHJQgn3uleRvmTXaJgfXbt4g==",
      "license": "MIT",
      "dependencies": {
        "acorn": "^8.11.0"
      },
      "engines": {
        "node": ">=0.4.0"
      }
    },
    "node_modules/aes-js": {
      "version": "4.0.0-beta.5",
      "resolved": "https://registry.npmjs.org/aes-js/-/aes-js-4.0.0-beta.5.tgz",
      "integrity": "sha512-G965FqalsNyrPqgEGON7nIx1e/OVENSgiEIzyC63haUMuvNnwIgIjMs52hlTCKhkBny7A2ORNlfY9Zu+jmGk1Q==",
      "license": "MIT"
    },
    "node_modules/arg": {
      "version": "4.1.3",
      "resolved": "https://registry.npmjs.org/arg/-/arg-4.1.3.tgz",
      "integrity": "sha512-58S9QDqG0Xx27YwPSt9fJxivjYl432YCwfDMfZ+71RAqUrZef7LrKQZ3LHLOwCS4FLNBplP533Zx895SeOCHvA==",
      "license": "MIT"
    },
    "node_modules/create-require": {
      "version": "1.1.1",
      "resolved": "https://registry.npmjs.org/create-require/-/create-require-1.1.1.tgz",
      "integrity": "sha512-dcKFX3jn0MpIaXjisoRvexIJVEKzaq7z2rZKxf+MSr9TkdmHmsU4m2lcLojrj/FHl8mk5VxMmYA+ftRkP/3oKQ==",
      "license": "MIT"
    },
    "node_modules/diff": {
      "version": "4.0.2",
      "resolved": "https://registry.npmjs.org/diff/-/diff-4.0.2.tgz",
      "integrity": "sha512-58lmxKSA4BNyLz+HHMUzlOEpg09FV+ev6ZMe3vJihgdxzgcwZ8VoEEPmALCZG9LmqfVoNMMKpttIYTVG6uDY7A==",
      "license": "BSD-3-Clause",
      "engines": {
        "node": ">=0.3.1"
      }
    },
    "node_modules/ethers": {
      "version": "6.13.2",
      "resolved": "https://registry.npmjs.org/ethers/-/ethers-6.13.2.tgz",
      "integrity": "sha512-9VkriTTed+/27BGuY1s0hf441kqwHJ1wtN2edksEtiRvXx+soxRX3iSXTfFqq2+YwrOqbDoTHjIhQnjJRlzKmg==",
      "funding": [
        {
          "type": "individual",
          "url": "https://github.com/sponsors/ethers-io/"
        },
        {
          "type": "individual",
          "url": "https://www.buymeacoffee.com/ricmoo"
        }
      ],
      "license": "MIT",
      "dependencies": {
        "@adraffy/ens-normalize": "1.10.1",
        "@noble/curves": "1.2.0",
        "@noble/hashes": "1.3.2",
        "@types/node": "18.15.13",
        "aes-js": "4.0.0-beta.5",
        "tslib": "2.4.0",
        "ws": "8.17.1"
      },
      "engines": {
        "node": ">=14.0.0"
      }
    },
    "node_modules/ethers/node_modules/@types/node": {
      "version": "18.15.13",
      "resolved": "https://registry.npmjs.org/@types/node/-/node-18.15.13.tgz",
      "integrity": "sha512-N+0kuo9KgrUQ1Sn/ifDXsvg0TTleP7rIy4zOBGECxAljqvqfqpTfzx0Q1NUedOixRMBfe2Whhb056a42cWs26Q==",
      "license": "MIT"
    },
    "node_modules/make-error": {
      "version": "1.3.6",
      "resolved": "https://registry.npmjs.org/make-error/-/make-error-1.3.6.tgz",
      "integrity": "sha512-s8UhlNe7vPKomQhC1qFelMokr/Sc3AgNbso3n74mVPA5LTZwkB9NlXf4XPamLxJE8h0gh73rM94xvwRT2CVInw==",
      "license": "ISC"
    },
    "node_modules/ts-node": {
      "version": "10.9.2",
      "resolved": "https://registry.npmjs.org/ts-node/-/ts-node-10.9.2.tgz",
      "integrity": "sha512-f0FFpIdcHgn8zcPSbf1dRevwt047YMnaiJM3u2w2RewrB+fob/zePZcrOyQoLMMO7aBIddLcQIEK5dYjkLnGrQ==",
      "license": "MIT",
      "dependencies": {
        "@cspotcode/source-map-support": "^0.8.0",
        "@tsconfig/node10": "^1.0.7",
        "@tsconfig/node12": "^1.0.7",
        "@tsconfig/node14": "^1.0.0",
        "@tsconfig/node16": "^1.0.2",
        "acorn": "^8.4.1",
        "acorn-walk": "^8.1.1",
        "arg": "^4.1.0",
        "create-require": "^1.1.0",
        "diff": "^4.0.1",
        "make-error": "^1.1.1",
        "v8-compile-cache-lib": "^3.0.1",
        "yn": "3.1.1"
      },
      "bin": {
        "ts-node": "dist/bin.js",
        "ts-node-cwd": "dist/bin-cwd.js",
        "ts-node-esm": "dist/bin-esm.js",
        "ts-node-script": "dist/bin-script.js",
        "ts-node-transpile-only": "dist/bin-transpile.js",
        "ts-script": "dist/bin-script-deprecated.js"
      },
      "peerDependencies": {
        "@swc/core": ">=1.2.50",
        "@swc/wasm": ">=1.2.50",
        "@types/node": "*",
        "typescript": ">=2.7"
      },
      "peerDependenciesMeta": {
        "@swc/core": {
          "optional": true
        },
        "@swc/wasm": {
          "optional": true
        }
      }
    },
    "node_modules/tslib": {
      "version": "2.4.0",
      "resolved": "https://registry.npmjs.org/tslib/-/tslib-2.4.0.tgz",
      "integrity": "sha512-d6xOpEDfsi2CZVlPQzGeux8XMwLT9hssAsaPYExaQMuYskwb+x1x7J371tWlbBdWHroy99KnVB6qIkUbs5X3UQ==",
      "license": "0BSD"
    },
    "node_modules/typescript": {
      "version": "5.6.2",
      "resolved": "https://registry.npmjs.org/typescript/-/typescript-5.6.2.tgz",
      "integrity": "sha512-NW8ByodCSNCwZeghjN3o+JX5OFH0Ojg6sadjEKY4huZ52TqbJTJnDo5+Tw98lSy63NZvi4n+ez5m2u5d4PkZyw==",
      "license": "Apache-2.0",
      "peer": true,
      "bin": {
        "tsc": "bin/tsc",
        "tsserver": "bin/tsserver"
      },
      "engines": {
        "node": ">=14.17"
      }
    },
    "node_modules/undici-types": {
      "version": "6.19.8",
      "resolved": "https://registry.npmjs.org/undici-types/-/undici-types-6.19.8.tgz",
      "integrity": "sha512-ve2KP6f/JnbPBFyobGHuerC9g1FYGn/F8n1LWTwNxCEzd6IfqTwUQcNXgEtmmQ6DlRrC1hrSrBnCZPokRrDHjw==",
      "license": "MIT",
      "peer": true
    },
    "node_modules/v8-compile-cache-lib": {
      "version": "3.0.1",
      "resolved": "https://registry.npmjs.org/v8-compile-cache-lib/-/v8-compile-cache-lib-3.0.1.tgz",
      "integrity": "sha512-wa7YjyUGfNZngI/vtK0UHAN+lgDCxBPCylVXGp0zu59Fz5aiGtNXaq3DhIov063MorB+VfufLh3JlF2KdTK3xg==",
      "license": "MIT"
    },
    "node_modules/ws": {
      "version": "8.17.1",
      "resolved": "https://registry.npmjs.org/ws/-/ws-8.17.1.tgz",
      "integrity": "sha512-6XQFvXTkbfUOZOKKILFG1PDK2NDQs4azKQl26T0YS5CxqWLgXajbPZ+h4gZekJyRqFU8pvnbAbbs/3TgRPy+GQ==",
      "license": "MIT",
      "engines": {
        "node": ">=10.0.0"
      },
      "peerDependencies": {
        "bufferutil": "^4.0.1",
        "utf-8-validate": ">=5.0.2"
      },
      "peerDependenciesMeta": {
        "bufferutil": {
          "optional": true
        },
        "utf-8-validate": {
          "optional": true
        }
      }
    },
    "node_modules/yn": {
      "version": "3.1.1",
      "resolved": "https://registry.npmjs.org/yn/-/yn-3.1.1.tgz",
      "integrity": "sha512-Ux4ygGWsu2c7isFWe8Yu1YluJmqVhxqK2cLXNQA5AcC3QfbGNpM7fu0Y8b/z16pXLnFxZYvWhd3fhBY9DLmC6Q==",
      "license": "MIT",
      "engines": {
        "node": ">=6"
      }
    }
  }
}
